
Microsoft Visual Studio Solution File, Format Version 12.00
# Visual Studio Version 17
VisualStudioVersion = 17.10.34916.146
MinimumVisualStudioVersion = 10.0.40219.1
Project("{9A19103F-16F7-4668-BE54-9A1E7A4F7556}") = "Empower.BMS", "Empower.BMS\Empower.BMS.csproj", "{FE803AD4-DB90-482D-BBD4-DF07696E23C7}"
EndProject
Project("{2150E333-8FDC-42A3-9474-1A3956D46DE8}") = "Solution Items", "Solution Items", "{9BD578F2-60ED-45AD-B81C-ADE626F684D8}"
	ProjectSection(SolutionItems) = preProject
		InitialSetup.txt = InitialSetup.txt
	EndProjectSection
EndProject
Project("{9A19103F-16F7-4668-BE54-9A1E7A4F7556}") = "Empower.Business", "Empower.Business\Empower.Business.csproj", "{80A2AA3D-53C9-46AB-BF7D-A3699B26CE64}"
EndProject
Project("{9A19103F-16F7-4668-BE54-9A1E7A4F7556}") = "Empower.Data", "Empower.Data\Empower.Data.csproj", "{D955F13F-1687-4CE7-B0D5-B6ED3334BC57}"
EndProject
Project("{9A19103F-16F7-4668-BE54-9A1E7A4F7556}") = "Empower.Models", "Empower.Models\Empower.Models.csproj", "{69D6BD51-EB04-4E6F-B7E0-C63FF52E5092}"
EndProject
Project("{9A19103F-16F7-4668-BE54-9A1E7A4F7556}") = "Empower.Utilities", "Empower.Utilities\Empower.Utilities.csproj", "{0709CA80-9C48-413B-8393-F3DF7D4433D6}"
EndProject
Global
	GlobalSection(SolutionConfigurationPlatforms) = preSolution
		Debug|Any CPU = Debug|Any CPU
		Release|Any CPU = Release|Any CPU
	EndGlobalSection
	GlobalSection(ProjectConfigurationPlatforms) = postSolution
		{FE803AD4-DB90-482D-BBD4-DF07696E23C7}.Debug|Any CPU.ActiveCfg = Debug|Any CPU
		{FE803AD4-DB90-482D-BBD4-DF07696E23C7}.Debug|Any CPU.Build.0 = Debug|Any CPU
		{FE803AD4-DB90-482D-BBD4-DF07696E23C7}.Release|Any CPU.ActiveCfg = Release|Any CPU
		{FE803AD4-DB90-482D-BBD4-DF07696E23C7}.Release|Any CPU.Build.0 = Release|Any CPU
		{80A2AA3D-53C9-46AB-BF7D-A3699B26CE64}.Debug|Any CPU.ActiveCfg = Debug|Any CPU
		{80A2AA3D-53C9-46AB-BF7D-A3699B26CE64}.Debug|Any CPU.Build.0 = Debug|Any CPU
		{80A2AA3D-53C9-46AB-BF7D-A3699B26CE64}.Release|Any CPU.ActiveCfg = Release|Any CPU
		{80A2AA3D-53C9-46AB-BF7D-A3699B26CE64}.Release|Any CPU.Build.0 = Release|Any CPU
		{D955F13F-1687-4CE7-B0D5-B6ED3334BC57}.Debug|Any CPU.ActiveCfg = Debug|Any CPU
		{D955F13F-1687-4CE7-B0D5-B6ED3334BC57}.Debug|Any CPU.Build.0 = Debug|Any CPU
		{D955F13F-1687-4CE7-B0D5-B6ED3334BC57}.Release|Any CPU.ActiveCfg = Release|Any CPU
		{D955F13F-1687-4CE7-B0D5-B6ED3334BC57}.Release|Any CPU.Build.0 = Release|Any CPU
		{69D6BD51-EB04-4E6F-B7E0-C63FF52E5092}.Debug|Any CPU.ActiveCfg = Debug|Any CPU
		{69D6BD51-EB04-4E6F-B7E0-C63FF52E5092}.Debug|Any CPU.Build.0 = Debug|Any CPU
		{69D6BD51-EB04-4E6F-B7E0-C63FF52E5092}.Release|Any CPU.ActiveCfg = Release|Any CPU
		{69D6BD51-EB04-4E6F-B7E0-C63FF52E5092}.Release|Any CPU.Build.0 = Release|Any CPU
		{0709CA80-9C48-413B-8393-F3DF7D4433D6}.Debug|Any CPU.ActiveCfg = Debug|Any CPU
		{0709CA80-9C48-413B-8393-F3DF7D4433D6}.Debug|Any CPU.Build.0 = Debug|Any CPU
		{0709CA80-9C48-413B-8393-F3DF7D4433D6}.Release|Any CPU.ActiveCfg = Release|Any CPU
		{0709CA80-9C48-413B-8393-F3DF7D4433D6}.Release|Any CPU.Build.0 = Release|Any CPU
	EndGlobalSection
	GlobalSection(SolutionProperties) = preSolution
		HideSolutionNode = FALSE
	EndGlobalSection
	GlobalSection(ExtensibilityGlobals) = postSolution
		SolutionGuid = {B79ACF8A-57C2-46F0-8B47-5C2F093198BF}
	EndGlobalSection
EndGlobal
